
Microsoft Visual Studio Solution File, Format Version 12.00
# Visual Studio 15
VisualStudioVersion = 15.0.27130.2036
MinimumVisualStudioVersion = 10.0.40219.1
Project("{9A19103F-16F7-4668-BE54-9A1E7A4F7556}") = "RazzPiFunctions", "RazzPiFunctions\RazzPiFunctions.csproj", "{4C5E25DD-FAC6-4E85-9741-EC91F2D1960A}"
EndProject
Global
	GlobalSection(SolutionConfigurationPlatforms) = preSolution
		Debug|Any CPU = Debug|Any CPU
		Release|Any CPU = Release|Any CPU
	EndGlobalSection
	GlobalSection(ProjectConfigurationPlatforms) = postSolution
		{4C5E25DD-FAC6-4E85-9741-EC91F2D1960A}.Debug|Any CPU.ActiveCfg = Debug|Any CPU
		{4C5E25DD-FAC6-4E85-9741-EC91F2D1960A}.Debug|Any CPU.Build.0 = Debug|Any CPU
		{4C5E25DD-FAC6-4E85-9741-EC91F2D1960A}.Release|Any CPU.ActiveCfg = Release|Any CPU
		{4C5E25DD-FAC6-4E85-9741-EC91F2D1960A}.Release|Any CPU.Build.0 = Release|Any CPU
	EndGlobalSection
	GlobalSection(SolutionProperties) = preSolution
		HideSolutionNode = FALSE
	EndGlobalSection
	GlobalSection(ExtensibilityGlobals) = postSolution
		SolutionGuid = {37971B08-BD73-46F5-98C3-43EC4DD1AC49}
	EndGlobalSection
EndGlobal
